
Microsoft Visual Studio Solution File, Format Version 12.00
# Visual Studio Version 17
VisualStudioVersion = 17.5.002.0
MinimumVisualStudioVersion = 10.0.40219.1
Project("{9A19103F-16F7-4668-BE54-9A1E7A4F7556}") = "Pong", "Pong.csproj", "{88AAC864-8F14-4C0C-9538-CEA4646E440C}"
EndProject
Global
	GlobalSection(SolutionConfigurationPlatforms) = preSolution
		Debug|Any CPU = Debug|Any CPU
		Release|Any CPU = Release|Any CPU
	EndGlobalSection
	GlobalSection(ProjectConfigurationPlatforms) = postSolution
		{88AAC864-8F14-4C0C-9538-CEA4646E440C}.Debug|Any CPU.ActiveCfg = Debug|Any CPU
		{88AAC864-8F14-4C0C-9538-CEA4646E440C}.Debug|Any CPU.Build.0 = Debug|Any CPU
		{88AAC864-8F14-4C0C-9538-CEA4646E440C}.Release|Any CPU.ActiveCfg = Release|Any CPU
		{88AAC864-8F14-4C0C-9538-CEA4646E440C}.Release|Any CPU.Build.0 = Release|Any CPU
	EndGlobalSection
	GlobalSection(SolutionProperties) = preSolution
		HideSolutionNode = FALSE
	EndGlobalSection
	GlobalSection(ExtensibilityGlobals) = postSolution
		SolutionGuid = {013F170B-E90A-456B-8145-918EE828FFAB}
	EndGlobalSection
EndGlobal
